{
  "pins" : [
    {
      "identity" : "applovin-max-swift-package",
      "kind" : "remoteSourceControl",
      "location" : "https://github.com/AppLovin/AppLovin-MAX-Swift-Package.git",
      "state" : {
        "revision" : "0694a05fc733ebf2fa256e92926a3eefb1f3c055",
        "version" : "12.6.1"
      }
    },
    {
      "identity" : "startappsdk-swiftpackage",
      "kind" : "remoteSourceControl",
      "location" : "https://github.com/StartApp-SDK/StartAppSDK-SwiftPackage.git",
      "state" : {
        "revision" : "b97e8638390f84352f7a33764d75ef85f0e1085a",
        "version" : "4.10.0"
      }
    }
  ],
  "version" : 2
}
