{
  "pins" : [
    {
      "identity" : "applovin-max-swift-package",
      "kind" : "remoteSourceControl",
      "location" : "https://github.com/AppLovin/AppLovin-MAX-Swift-Package.git",
      "state" : {
        "revision" : "0694a05fc733ebf2fa256e92926a3eefb1f3c055",
        "version" : "12.6.1"
      }
    },
    {
      "identity" : "startappsdk-swiftpackage",
      "kind" : "remoteSourceControl",
      "location" : "https://github.com/StartApp-SDK/StartAppSDK-SwiftPackage.git",
      "state" : {
        "revision" : "1a3743ea5c8197313c95ae4d0ca1757bb098b60e",
        "version" : "4.10.5"
      }
    }
  ],
  "version" : 2
}
